<?xml version="1.0" encoding="utf-8"?>
<Project ToolsVersion="4.0" xmlns="http://schemas.microsoft.com/developer/msbuild/2003">
  <ItemGroup>
    <Filter Include="소스 파일">
      <UniqueIdentifier>{4FC737F1-C7A5-4376-A066-2A32D752A2FF}</UniqueIdentifier>
      <Extensions>cpp;c;cc;cxx;def;odl;idl;hpj;bat;asm;asmx</Extensions>
    </Filter>
    <Filter Include="헤더 파일">
      <UniqueIdentifier>{93995380-89BD-4b04-88EB-625FBE52EBFB}</UniqueIdentifier>
      <Extensions>h;hh;hpp;hxx;hm;inl;inc;ipp;xsd</Extensions>
    </Filter>
    <Filter Include="리소스 파일">
      <UniqueIdentifier>{67DA6AB6-F800-4c08-8B7A-83BB121AAD01}</UniqueIdentifier>
      <Extensions>rc;ico;cur;bmp;dlg;rc2;rct;bin;rgs;gif;jpg;jpeg;jpe;resx;tiff;tif;png;wav;mfcribbon-ms</Extensions>
    </Filter>
    <Filter Include="CSV">
      <UniqueIdentifier>{3aae5d51-e7c8-4543-9baf-504e70c5fa30}</UniqueIdentifier>
    </Filter>
    <Filter Include="헤더 파일\Quest">
      <UniqueIdentifier>{9c62246e-c505-4825-a452-83362bc478ed}</UniqueIdentifier>
    </Filter>
    <Filter Include="헤더 파일\Util">
      <UniqueIdentifier>{9a0f0918-dcd7-403b-8b28-8067c734f35b}</UniqueIdentifier>
    </Filter>
    <Filter Include="소스 파일\Quest">
      <UniqueIdentifier>{9d50b6e4-74c3-4b78-987b-6770ae7d17d9}</UniqueIdentifier>
    </Filter>
    <Filter Include="소스 파일\Util">
      <UniqueIdentifier>{3fa61546-d0b7-439a-879d-dd0dd7fa29c1}</UniqueIdentifier>
    </Filter>
    <Filter Include="소스 파일\Quest\Task">
      <UniqueIdentifier>{fe6e9e40-d9eb-40da-bba4-5e907c94191d}</UniqueIdentifier>
    </Filter>
    <Filter Include="헤더 파일\Quest\Task">
      <UniqueIdentifier>{ca7da932-a52d-4f82-b6f6-ff931b9ecab6}</UniqueIdentifier>
    </Filter>
    <Filter Include="소스 파일\Player">
      <UniqueIdentifier>{170c5f0f-ba91-4805-a4d3-89542cb8559b}</UniqueIdentifier>
    </Filter>
    <Filter Include="헤더 파일\Player">
      <UniqueIdentifier>{c0b74327-db86-4805-a078-024981b90189}</UniqueIdentifier>
    </Filter>
    <Filter Include="소스 파일\Structure">
      <UniqueIdentifier>{3d959cc0-3853-4332-9f5c-5be33ba42601}</UniqueIdentifier>
    </Filter>
    <Filter Include="소스 파일\Structure\EventListener">
      <UniqueIdentifier>{9337c792-7fed-4e0e-b453-d562a1b9f841}</UniqueIdentifier>
    </Filter>
    <Filter Include="헤더 파일\Structure">
      <UniqueIdentifier>{a875a738-a15b-4682-95a3-b6c8b7b4dbe6}</UniqueIdentifier>
    </Filter>
    <Filter Include="헤더 파일\Structure\EventListener">
      <UniqueIdentifier>{90ce56d2-12a4-4155-bc9e-7390c6fabc48}</UniqueIdentifier>
    </Filter>
  </ItemGroup>
  <ItemGroup>
    <ClCompile Include="main.cpp">
      <Filter>소스 파일</Filter>
    </ClCompile>
    <ClCompile Include="Quest\Task\Task.cpp">
      <Filter>소스 파일\Quest\Task</Filter>
    </ClCompile>
    <ClCompile Include="Quest\Task\TaskAction.cpp">
      <Filter>소스 파일\Quest\Task</Filter>
    </ClCompile>
    <ClCompile Include="Quest\Quest.cpp">
      <Filter>소스 파일\Quest</Filter>
    </ClCompile>
    <ClCompile Include="Quest\QuestManager.cpp">
      <Filter>소스 파일\Quest</Filter>
    </ClCompile>
    <ClCompile Include="Quest\QuestSystem.cpp">
      <Filter>소스 파일\Quest</Filter>
    </ClCompile>
    <ClCompile Include="Util\StringUtility.cpp">
      <Filter>소스 파일\Util</Filter>
    </ClCompile>
    <ClCompile Include="Quest\QuestDataTable.cpp">
      <Filter>소스 파일\Quest</Filter>
    </ClCompile>
    <ClCompile Include="Player\Player.cpp">
      <Filter>소스 파일\Player</Filter>
    </ClCompile>
    <ClCompile Include="Structures\EventListener\Observer\Observer.cpp">
      <Filter>소스 파일\Structure\EventListener</Filter>
    </ClCompile>
    <ClCompile Include="Structures\EventListener\Subject\Subject.cpp">
      <Filter>소스 파일\Structure\EventListener</Filter>
    </ClCompile>
  </ItemGroup>
  <ItemGroup>
    <ClInclude Include="csv\csv.h">
      <Filter>CSV</Filter>
    </ClInclude>
    <ClInclude Include="Import_Resources_Define.h">
      <Filter>헤더 파일</Filter>
    </ClInclude>
    <ClInclude Include="Quest\Quest.h">
      <Filter>헤더 파일\Quest</Filter>
    </ClInclude>
    <ClInclude Include="Quest\Task\Task.h">
      <Filter>헤더 파일\Quest\Task</Filter>
    </ClInclude>
    <ClInclude Include="Quest\Task\TaskAction.h">
      <Filter>헤더 파일\Quest\Task</Filter>
    </ClInclude>
    <ClInclude Include="Quest\Task\TaskDefines.h">
      <Filter>헤더 파일\Quest\Task</Filter>
    </ClInclude>
    <ClInclude Include="Quest\QuestManager.h">
      <Filter>헤더 파일\Quest</Filter>
    </ClInclude>
    <ClInclude Include="Quest\QuestSystem.h">
      <Filter>헤더 파일\Quest</Filter>
    </ClInclude>
    <ClInclude Include="Util\StringUtility.h">
      <Filter>헤더 파일\Util</Filter>
    </ClInclude>
    <ClInclude Include="Quest\QuestDefines.h">
      <Filter>헤더 파일\Quest</Filter>
    </ClInclude>
    <ClInclude Include="Quest\QuestDataTable.h">
      <Filter>헤더 파일\Quest</Filter>
    </ClInclude>
    <ClInclude Include="CommonDefines.h">
      <Filter>헤더 파일</Filter>
    </ClInclude>
    <ClInclude Include="Player\Player.h">
      <Filter>헤더 파일\Player</Filter>
    </ClInclude>
    <ClInclude Include="Structures\EventListener\Subject\Subject.h">
      <Filter>헤더 파일\Structure\EventListener</Filter>
    </ClInclude>
    <ClInclude Include="Structures\EventListener\Observer\Observer.h">
      <Filter>헤더 파일\Structure\EventListener</Filter>
    </ClInclude>
    <ClInclude Include="Structures\EventListener\EventLitener_Defines.h">
      <Filter>헤더 파일\Structure\EventListener</Filter>
    </ClInclude>
  </ItemGroup>
</Project>